
Microsoft Visual Studio Solution File, Format Version 12.00
# Visual Studio Version 17
VisualStudioVersion = 17.6.33723.286
MinimumVisualStudioVersion = 10.0.40219.1
Project("{9A19103F-16F7-4668-BE54-9A1E7A4F7556}") = "MarketingCodingAssignment", "MarketingCodingAssignment\MarketingCodingAssignment.csproj", "{539244CA-6EBE-4D83-BB50-D6B1D9AC8BF3}"
EndProject
Global
	GlobalSection(SolutionConfigurationPlatforms) = preSolution
		Debug|Any CPU = Debug|Any CPU
		Release|Any CPU = Release|Any CPU
	EndGlobalSection
	GlobalSection(ProjectConfigurationPlatforms) = postSolution
		{539244CA-6EBE-4D83-BB50-D6B1D9AC8BF3}.Debug|Any CPU.ActiveCfg = Debug|Any CPU
		{539244CA-6EBE-4D83-BB50-D6B1D9AC8BF3}.Debug|Any CPU.Build.0 = Debug|Any CPU
		{539244CA-6EBE-4D83-BB50-D6B1D9AC8BF3}.Release|Any CPU.ActiveCfg = Release|Any CPU
		{539244CA-6EBE-4D83-BB50-D6B1D9AC8BF3}.Release|Any CPU.Build.0 = Release|Any CPU
	EndGlobalSection
	GlobalSection(SolutionProperties) = preSolution
		HideSolutionNode = FALSE
	EndGlobalSection
	GlobalSection(ExtensibilityGlobals) = postSolution
		SolutionGuid = {8C8A1FBB-911B-4117-B2E8-FD4223B307CE}
	EndGlobalSection
EndGlobal
